
Microsoft Visual Studio Solution File, Format Version 12.00
# Visual Studio Version 17
VisualStudioVersion = 17.2.32422.2
MinimumVisualStudioVersion = 10.0.40219.1
Project("{FAE04EC0-301F-11D3-BF4B-00C04F79EFBC}") = "WriteRead", "WriteRead\WriteRead.csproj", "{14125652-C0F9-4666-AA38-146094453F50}"
EndProject
Global
	GlobalSection(SolutionConfigurationPlatforms) = preSolution
		Debug|Any CPU = Debug|Any CPU
		Release|Any CPU = Release|Any CPU
	EndGlobalSection
	GlobalSection(ProjectConfigurationPlatforms) = postSolution
		{14125652-C0F9-4666-AA38-146094453F50}.Debug|Any CPU.ActiveCfg = Debug|Any CPU
		{14125652-C0F9-4666-AA38-146094453F50}.Debug|Any CPU.Build.0 = Debug|Any CPU
		{14125652-C0F9-4666-AA38-146094453F50}.Release|Any CPU.ActiveCfg = Release|Any CPU
		{14125652-C0F9-4666-AA38-146094453F50}.Release|Any CPU.Build.0 = Release|Any CPU
	EndGlobalSection
	GlobalSection(SolutionProperties) = preSolution
		HideSolutionNode = FALSE
	EndGlobalSection
	GlobalSection(ExtensibilityGlobals) = postSolution
		SolutionGuid = {17FDE3A9-9B3A-4C31-A3D0-BD5C738B4460}
	EndGlobalSection
EndGlobal
